
Microsoft Visual Studio Solution File, Format Version 12.00
# Visual Studio Version 16
VisualStudioVersion = 16.0.31205.134
MinimumVisualStudioVersion = 10.0.40219.1
Project("{9092AA53-FB77-4645-B42D-1CCCA6BD08BD}") = "GameServer", "GameServer.njsproj", "{F50BA1C3-1236-49B6-88F1-EEF3463691A2}"
EndProject
Global
	GlobalSection(SolutionConfigurationPlatforms) = preSolution
		Debug|Any CPU = Debug|Any CPU
		Release|Any CPU = Release|Any CPU
	EndGlobalSection
	GlobalSection(ProjectConfigurationPlatforms) = postSolution
		{F50BA1C3-1236-49B6-88F1-EEF3463691A2}.Debug|Any CPU.ActiveCfg = Debug|Any CPU
		{F50BA1C3-1236-49B6-88F1-EEF3463691A2}.Debug|Any CPU.Build.0 = Debug|Any CPU
		{F50BA1C3-1236-49B6-88F1-EEF3463691A2}.Release|Any CPU.ActiveCfg = Release|Any CPU
		{F50BA1C3-1236-49B6-88F1-EEF3463691A2}.Release|Any CPU.Build.0 = Release|Any CPU
	EndGlobalSection
	GlobalSection(SolutionProperties) = preSolution
		HideSolutionNode = FALSE
	EndGlobalSection
	GlobalSection(ExtensibilityGlobals) = postSolution
		SolutionGuid = {12E6970F-B05D-4F25-B3EC-FAC0E7783410}
	EndGlobalSection
EndGlobal
